// !$*UTF8*$!
{
	archiveVersion = 1;
	classes = {
	};
	objectVersion = 55;
	objects = {

/* Begin PBXBuildFile section */
		76076663277EDBE70081556D /* TrivvyApp.swift in Sources */ = {isa = PBXBuildFile; fileRef = 76076662277EDBE70081556D /* TrivvyApp.swift */; };
		76076665277EDBE70081556D /* ContentView.swift in Sources */ = {isa = PBXBuildFile; fileRef = 76076664277EDBE70081556D /* ContentView.swift */; };
		76076667277EDBE80081556D /* Assets.xcassets in Resources */ = {isa = PBXBuildFile; fileRef = 76076666277EDBE80081556D /* Assets.xcassets */; };
		7607666A277EDBE80081556D /* Preview Assets.xcassets in Resources */ = {isa = PBXBuildFile; fileRef = 76076669277EDBE80081556D /* Preview Assets.xcassets */; };
		76076674277EDBE80081556D /* TrivvyTests.swift in Sources */ = {isa = PBXBuildFile; fileRef = 76076673277EDBE80081556D /* TrivvyTests.swift */; };
		7607667E277EDBE80081556D /* TrivvyUITests.swift in Sources */ = {isa = PBXBuildFile; fileRef = 7607667D277EDBE80081556D /* TrivvyUITests.swift */; };
		76076680277EDBE80081556D /* TrivvyUITestsLaunchTests.swift in Sources */ = {isa = PBXBuildFile; fileRef = 7607667F277EDBE80081556D /* TrivvyUITestsLaunchTests.swift */; };
/* End PBXBuildFile section */

/* Begin PBXContainerItemProxy section */
		76076670277EDBE80081556D /* PBXContainerItemProxy */ = {
			isa = PBXContainerItemProxy;
			containerPortal = 76076657277EDBE70081556D /* Project object */;
			proxyType = 1;
			remoteGlobalIDString = 7607665E277EDBE70081556D;
			remoteInfo = Trivvy;
		};
		7607667A277EDBE80081556D /* PBXContainerItemProxy */ = {
			isa = PBXContainerItemProxy;
			containerPortal = 76076657277EDBE70081556D /* Project object */;
			proxyType = 1;
			remoteGlobalIDString = 7607665E277EDBE70081556D;
			remoteInfo = Trivvy;
		};
/* End PBXContainerItemProxy section */

/* Begin PBXFileReference section */
		7607665F277EDBE70081556D /* Trivvy.app */ = {isa = PBXFileReference; explicitFileType = wrapper.application; includeInIndex = 0; path = Trivvy.app; sourceTree = BUILT_PRODUCTS_DIR; };
		76076662277EDBE70081556D /* TrivvyApp.swift */ = {isa = PBXFileReference; lastKnownFileType = sourcecode.swift; path = TrivvyApp.swift; sourceTree = "<group>"; };
		76076664277EDBE70081556D /* ContentView.swift */ = {isa = PBXFileReference; lastKnownFileType = sourcecode.swift; path = ContentView.swift; sourceTree = "<group>"; };
		76076666277EDBE80081556D /* Assets.xcassets */ = {isa = PBXFileReference; lastKnownFileType = folder.assetcatalog; path = Assets.xcassets; sourceTree = "<group>"; };
		76076669277EDBE80081556D /* Preview Assets.xcassets */ = {isa = PBXFileReference; lastKnownFileType = folder.assetcatalog; path = "Preview Assets.xcassets"; sourceTree = "<group>"; };
		7607666F277EDBE80081556D /* TrivvyTests.xctest */ = {isa = PBXFileReference; explicitFileType = wrapper.cfbundle; includeInIndex = 0; path = TrivvyTests.xctest; sourceTree = BUILT_PRODUCTS_DIR; };
		76076673277EDBE80081556D /* TrivvyTests.swift */ = {isa = PBXFileReference; lastKnownFileType = sourcecode.swift; path = TrivvyTests.swift; sourceTree = "<group>"; };
		76076679277EDBE80081556D /* TrivvyUITests.xctest */ = {isa = PBXFileReference; explicitFileType = wrapper.cfbundle; includeInIndex = 0; path = TrivvyUITests.xctest; sourceTree = BUILT_PRODUCTS_DIR; };
		7607667D277EDBE80081556D /* TrivvyUITests.swift */ = {isa = PBXFileReference; lastKnownFileType = sourcecode.swift; path = TrivvyUITests.swift; sourceTree = "<group>"; };
		7607667F277EDBE80081556D /* TrivvyUITestsLaunchTests.swift */ = {isa = PBXFileReference; lastKnownFileType = sourcecode.swift; path = TrivvyUITestsLaunchTests.swift; sourceTree = "<group>"; };
/* End PBXFileReference section */

/* Begin PBXFrameworksBuildPhase section */
		7607665C277EDBE70081556D /* Frameworks */ = {
			isa = PBXFrameworksBuildPhase;
			buildActionMask = 2147483647;
			files = (
			);
			runOnlyForDeploymentPostprocessing = 0;
		};
		7607666C277EDBE80081556D /* Frameworks */ = {
			isa = PBXFrameworksBuildPhase;
			buildActionMask = 2147483647;
			files = (
			);
			runOnlyForDeploymentPostprocessing = 0;
		};
		76076676277EDBE80081556D /* Frameworks */ = {
			isa = PBXFrameworksBuildPhase;
			buildActionMask = 2147483647;
			files = (
			);
			runOnlyForDeploymentPostprocessing = 0;
		};
/* End PBXFrameworksBuildPhase section */

/* Begin PBXGroup section */
		76076656277EDBE70081556D = {
			isa = PBXGroup;
			children = (
				76076661277EDBE70081556D /* Trivvy */,
				76076672277EDBE80081556D /* TrivvyTests */,
				7607667C277EDBE80081556D /* TrivvyUITests */,
				76076660277EDBE70081556D /* Products */,
			);
			sourceTree = "<group>";
		};
		76076660277EDBE70081556D /* Products */ = {
			isa = PBXGroup;
			children = (
				7607665F277EDBE70081556D /* Trivvy.app */,
				7607666F277EDBE80081556D /* TrivvyTests.xctest */,
				76076679277EDBE80081556D /* TrivvyUITests.xctest */,
			);
			name = Products;
			sourceTree = "<group>";
		};
		76076661277EDBE70081556D /* Trivvy */ = {
			isa = PBXGroup;
			children = (
				76076662277EDBE70081556D /* TrivvyApp.swift */,
				76076664277EDBE70081556D /* ContentView.swift */,
				76076666277EDBE80081556D /* Assets.xcassets */,
				76076668277EDBE80081556D /* Preview Content */,
			);
			path = Trivvy;
			sourceTree = "<group>";
		};
		76076668277EDBE80081556D /* Preview Content */ = {
			isa = PBXGroup;
			children = (
				76076669277EDBE80081556D /* Preview Assets.xcassets */,
			);
			path = "Preview Content";
			sourceTree = "<group>";
		};
		76076672277EDBE80081556D /* TrivvyTests */ = {
			isa = PBXGroup;
			children = (
				76076673277EDBE80081556D /* TrivvyTests.swift */,
			);
			path = TrivvyTests;
			sourceTree = "<group>";
		};
		7607667C277EDBE80081556D /* TrivvyUITests */ = {
			isa = PBXGroup;
			children = (
				7607667D277EDBE80081556D /* TrivvyUITests.swift */,
				7607667F277EDBE80081556D /* TrivvyUITestsLaunchTests.swift */,
			);
			path = TrivvyUITests;
			sourceTree = "<group>";
		};
/* End PBXGroup section */

/* Begin PBXNativeTarget section */
		7607665E277EDBE70081556D /* Trivvy */ = {
			isa = PBXNativeTarget;
			buildConfigurationList = 76076683277EDBE80081556D /* Build configuration list for PBXNativeTarget "Trivvy" */;
			buildPhases = (
				7607665B277EDBE70081556D /* Sources */,
				7607665C277EDBE70081556D /* Frameworks */,
				7607665D277EDBE70081556D /* Resources */,
			);
			buildRules = (
			);
			dependencies = (
			);
			name = Trivvy;
			productName = Trivvy;
			productReference = 7607665F277EDBE70081556D /* Trivvy.app */;
			productType = "com.apple.product-type.application";
		};
		7607666E277EDBE80081556D /* TrivvyTests */ = {
			isa = PBXNativeTarget;
			buildConfigurationList = 76076686277EDBE80081556D /* Build configuration list for PBXNativeTarget "TrivvyTests" */;
			buildPhases = (
				7607666B277EDBE80081556D /* Sources */,
				7607666C277EDBE80081556D /* Frameworks */,
				7607666D277EDBE80081556D /* Resources */,
			);
			buildRules = (
			);
			dependencies = (
				76076671277EDBE80081556D /* PBXTargetDependency */,
			);
			name = TrivvyTests;
			productName = TrivvyTests;
			productReference = 7607666F277EDBE80081556D /* TrivvyTests.xctest */;
			productType = "com.apple.product-type.bundle.unit-test";
		};
		76076678277EDBE80081556D /* TrivvyUITests */ = {
			isa = PBXNativeTarget;
			buildConfigurationList = 76076689277EDBE80081556D /* Build configuration list for PBXNativeTarget "TrivvyUITests" */;
			buildPhases = (
				76076675277EDBE80081556D /* Sources */,
				76076676277EDBE80081556D /* Frameworks */,
				76076677277EDBE80081556D /* Resources */,
			);
			buildRules = (
			);
			dependencies = (
				7607667B277EDBE80081556D /* PBXTargetDependency */,
			);
			name = TrivvyUITests;
			productName = TrivvyUITests;
			productReference = 76076679277EDBE80081556D /* TrivvyUITests.xctest */;
			productType = "com.apple.product-type.bundle.ui-testing";
		};
/* End PBXNativeTarget section */

/* Begin PBXProject section */
		76076657277EDBE70081556D /* Project object */ = {
			isa = PBXProject;
			attributes = {
				BuildIndependentTargetsInParallel = 1;
				LastSwiftUpdateCheck = 1320;
				LastUpgradeCheck = 1320;
				TargetAttributes = {
					7607665E277EDBE70081556D = {
						CreatedOnToolsVersion = 13.2.1;
					};
					7607666E277EDBE80081556D = {
						CreatedOnToolsVersion = 13.2.1;
						TestTargetID = 7607665E277EDBE70081556D;
					};
					76076678277EDBE80081556D = {
						CreatedOnToolsVersion = 13.2.1;
						TestTargetID = 7607665E277EDBE70081556D;
					};
				};
			};
			buildConfigurationList = 7607665A277EDBE70081556D /* Build configuration list for PBXProject "Trivvy" */;
			compatibilityVersion = "Xcode 13.0";
			developmentRegion = en;
			hasScannedForEncodings = 0;
			knownRegions = (
				en,
				Base,
			);
			mainGroup = 76076656277EDBE70081556D;
			productRefGroup = 76076660277EDBE70081556D /* Products */;
			projectDirPath = "";
			projectRoot = "";
			targets = (
				7607665E277EDBE70081556D /* Trivvy */,
				7607666E277EDBE80081556D /* TrivvyTests */,
				76076678277EDBE80081556D /* TrivvyUITests */,
			);
		};
/* End PBXProject section */

/* Begin PBXResourcesBuildPhase section */
		7607665D277EDBE70081556D /* Resources */ = {
			isa = PBXResourcesBuildPhase;
			buildActionMask = 2147483647;
			files = (
				7607666A277EDBE80081556D /* Preview Assets.xcassets in Resources */,
				76076667277EDBE80081556D /* Assets.xcassets in Resources */,
			);
			runOnlyForDeploymentPostprocessing = 0;
		};
		7607666D277EDBE80081556D /* Resources */ = {
			isa = PBXResourcesBuildPhase;
			buildActionMask = 2147483647;
			files = (
			);
			runOnlyForDeploymentPostprocessing = 0;
		};
		76076677277EDBE80081556D /* Resources */ = {
			isa = PBXResourcesBuildPhase;
			buildActionMask = 2147483647;
			files = (
			);
			runOnlyForDeploymentPostprocessing = 0;
		};
/* End PBXResourcesBuildPhase section */

/* Begin PBXSourcesBuildPhase section */
		7607665B277EDBE70081556D /* Sources */ = {
			isa = PBXSourcesBuildPhase;
			buildActionMask = 2147483647;
			files = (
				76076665277EDBE70081556D /* ContentView.swift in Sources */,
				76076663277EDBE70081556D /* TrivvyApp.swift in Sources */,
			);
			runOnlyForDeploymentPostprocessing = 0;
		};
		7607666B277EDBE80081556D /* Sources */ = {
			isa = PBXSourcesBuildPhase;
			buildActionMask = 2147483647;
			files = (
				76076674277EDBE80081556D /* TrivvyTests.swift in Sources */,
			);
			runOnlyForDeploymentPostprocessing = 0;
		};
		76076675277EDBE80081556D /* Sources */ = {
			isa = PBXSourcesBuildPhase;
			buildActionMask = 2147483647;
			files = (
				76076680277EDBE80081556D /* TrivvyUITestsLaunchTests.swift in Sources */,
				7607667E277EDBE80081556D /* TrivvyUITests.swift in Sources */,
			);
			runOnlyForDeploymentPostprocessing = 0;
		};
/* End PBXSourcesBuildPhase section */

/* Begin PBXTargetDependency section */
		76076671277EDBE80081556D /* PBXTargetDependency */ = {
			isa = PBXTargetDependency;
			target = 7607665E277EDBE70081556D /* Trivvy */;
			targetProxy = 76076670277EDBE80081556D /* PBXContainerItemProxy */;
		};
		7607667B277EDBE80081556D /* PBXTargetDependency */ = {
			isa = PBXTargetDependency;
			target = 7607665E277EDBE70081556D /* Trivvy */;
			targetProxy = 7607667A277EDBE80081556D /* PBXContainerItemProxy */;
		};
/* End PBXTargetDependency section */

/* Begin XCBuildConfiguration section */
		76076681277EDBE80081556D /* Debug */ = {
			isa = XCBuildConfiguration;
			buildSettings = {
				ALWAYS_SEARCH_USER_PATHS = NO;
				CLANG_ANALYZER_NONNULL = YES;
				CLANG_ANALYZER_NUMBER_OBJECT_CONVERSION = YES_AGGRESSIVE;
				CLANG_CXX_LANGUAGE_STANDARD = "gnu++17";
				CLANG_CXX_LIBRARY = "libc++";
				CLANG_ENABLE_MODULES = YES;
				CLANG_ENABLE_OBJC_ARC = YES;
				CLANG_ENABLE_OBJC_WEAK = YES;
				CLANG_WARN_BLOCK_CAPTURE_AUTORELEASING = YES;
				CLANG_WARN_BOOL_CONVERSION = YES;
				CLANG_WARN_COMMA = YES;
				CLANG_WARN_CONSTANT_CONVERSION = YES;
				CLANG_WARN_DEPRECATED_OBJC_IMPLEMENTATIONS = YES;
				CLANG_WARN_DIRECT_OBJC_ISA_USAGE = YES_ERROR;
				CLANG_WARN_DOCUMENTATION_COMMENTS = YES;
				CLANG_WARN_EMPTY_BODY = YES;
				CLANG_WARN_ENUM_CONVERSION = YES;
				CLANG_WARN_INFINITE_RECURSION = YES;
				CLANG_WARN_INT_CONVERSION = YES;
				CLANG_WARN_NON_LITERAL_NULL_CONVERSION = YES;
				CLANG_WARN_OBJC_IMPLICIT_RETAIN_SELF = YES;
				CLANG_WARN_OBJC_LITERAL_CONVERSION = YES;
				CLANG_WARN_OBJC_ROOT_CLASS = YES_ERROR;
				CLANG_WARN_QUOTED_INCLUDE_IN_FRAMEWORK_HEADER = YES;
				CLANG_WARN_RANGE_LOOP_ANALYSIS = YES;
				CLANG_WARN_STRICT_PROTOTYPES = YES;
				CLANG_WARN_SUSPICIOUS_MOVE = YES;
				CLANG_WARN_UNGUARDED_AVAILABILITY = YES_AGGRESSIVE;
				CLANG_WARN_UNREACHABLE_CODE = YES;
				CLANG_WARN__DUPLICATE_METHOD_MATCH = YES;
				COPY_PHASE_STRIP = NO;
				DEBUG_INFORMATION_FORMAT = dwarf;
				ENABLE_STRICT_OBJC_MSGSEND = YES;
				ENABLE_TESTABILITY = YES;
				GCC_C_LANGUAGE_STANDARD = gnu11;
				GCC_DYNAMIC_NO_PIC = NO;
				GCC_NO_COMMON_BLOCKS = YES;
				GCC_OPTIMIZATION_LEVEL = 0;
				GCC_PREPROCESSOR_DEFINITIONS = (
					"DEBUG=1",
					"$(inherited)",
				);
				GCC_WARN_64_TO_32_BIT_CONVERSION = YES;
				GCC_WARN_ABOUT_RETURN_TYPE = YES_ERROR;
				GCC_WARN_UNDECLARED_SELECTOR = YES;
				GCC_WARN_UNINITIALIZED_AUTOS = YES_AGGRESSIVE;
				GCC_WARN_UNUSED_FUNCTION = YES;
				GCC_WARN_UNUSED_VARIABLE = YES;
				IPHONEOS_DEPLOYMENT_TARGET = 15.2;
				MTL_ENABLE_DEBUG_INFO = INCLUDE_SOURCE;
				MTL_FAST_MATH = YES;
				ONLY_ACTIVE_ARCH = YES;
				SDKROOT = iphoneos;
				SWIFT_ACTIVE_COMPILATION_CONDITIONS = DEBUG;
				SWIFT_OPTIMIZATION_LEVEL = "-Onone";
			};
			name = Debug;
		};
		76076682277EDBE80081556D /* Release */ = {
			isa = XCBuildConfiguration;
			buildSettings = {
				ALWAYS_SEARCH_USER_PATHS = NO;
				CLANG_ANALYZER_NONNULL = YES;
				CLANG_ANALYZER_NUMBER_OBJECT_CONVERSION = YES_AGGRESSIVE;
				CLANG_CXX_LANGUAGE_STANDARD = "gnu++17";
				CLANG_CXX_LIBRARY = "libc++";
				CLANG_ENABLE_MODULES = YES;
				CLANG_ENABLE_OBJC_ARC = YES;
				CLANG_ENABLE_OBJC_WEAK = YES;
				CLANG_WARN_BLOCK_CAPTURE_AUTORELEASING = YES;
				CLANG_WARN_BOOL_CONVERSION = YES;
				CLANG_WARN_COMMA = YES;
				CLANG_WARN_CONSTANT_CONVERSION = YES;
				CLANG_WARN_DEPRECATED_OBJC_IMPLEMENTATIONS = YES;
				CLANG_WARN_DIRECT_OBJC_ISA_USAGE = YES_ERROR;
				CLANG_WARN_DOCUMENTATION_COMMENTS = YES;
				CLANG_WARN_EMPTY_BODY = YES;
				CLANG_WARN_ENUM_CONVERSION = YES;
				CLANG_WARN_INFINITE_RECURSION = YES;
				CLANG_WARN_INT_CONVERSION = YES;
				CLANG_WARN_NON_LITERAL_NULL_CONVERSION = YES;
				CLANG_WARN_OBJC_IMPLICIT_RETAIN_SELF = YES;
				CLANG_WARN_OBJC_LITERAL_CONVERSION = YES;
				CLANG_WARN_OBJC_ROOT_CLASS = YES_ERROR;
				CLANG_WARN_QUOTED_INCLUDE_IN_FRAMEWORK_HEADER = YES;
				CLANG_WARN_RANGE_LOOP_ANALYSIS = YES;
				CLANG_WARN_STRICT_PROTOTYPES = YES;
				CLANG_WARN_SUSPICIOUS_MOVE = YES;
				CLANG_WARN_UNGUARDED_AVAILABILITY = YES_AGGRESSIVE;
				CLANG_WARN_UNREACHABLE_CODE = YES;
				CLANG_WARN__DUPLICATE_METHOD_MATCH = YES;
				COPY_PHASE_STRIP = NO;
				DEBUG_INFORMATION_FORMAT = "dwarf-with-dsym";
				ENABLE_NS_ASSERTIONS = NO;
				ENABLE_STRICT_OBJC_MSGSEND = YES;
				GCC_C_LANGUAGE_STANDARD = gnu11;
				GCC_NO_COMMON_BLOCKS = YES;
				GCC_WARN_64_TO_32_BIT_CONVERSION = YES;
				GCC_WARN_ABOUT_RETURN_TYPE = YES_ERROR;
				GCC_WARN_UNDECLARED_SELECTOR = YES;
				GCC_WARN_UNINITIALIZED_AUTOS = YES_AGGRESSIVE;
				GCC_WARN_UNUSED_FUNCTION = YES;
				GCC_WARN_UNUSED_VARIABLE = YES;
				IPHONEOS_DEPLOYMENT_TARGET = 15.2;
				MTL_ENABLE_DEBUG_INFO = NO;
				MTL_FAST_MATH = YES;
				SDKROOT = iphoneos;
				SWIFT_COMPILATION_MODE = wholemodule;
				SWIFT_OPTIMIZATION_LEVEL = "-O";
				VALIDATE_PRODUCT = YES;
			};
			name = Release;
		};
		76076684277EDBE80081556D /* Debug */ = {
			isa = XCBuildConfiguration;
			buildSettings = {
				ASSETCATALOG_COMPILER_APPICON_NAME = AppIcon;
				ASSETCATALOG_COMPILER_GLOBAL_ACCENT_COLOR_NAME = AccentColor;
				CODE_SIGN_STYLE = Automatic;
				CURRENT_PROJECT_VERSION = 1;
				DEVELOPMENT_ASSET_PATHS = "\"Trivvy/Preview Content\"";
				ENABLE_PREVIEWS = YES;
				GENERATE_INFOPLIST_FILE = YES;
				INFOPLIST_KEY_UIApplicationSceneManifest_Generation = YES;
				INFOPLIST_KEY_UIApplicationSupportsIndirectInputEvents = YES;
				INFOPLIST_KEY_UILaunchScreen_Generation = YES;
				INFOPLIST_KEY_UISupportedInterfaceOrientations_iPad = "UIInterfaceOrientationPortrait UIInterfaceOrientationPortraitUpsideDown UIInterfaceOrientationLandscapeLeft UIInterfaceOrientationLandscapeRight";
				INFOPLIST_KEY_UISupportedInterfaceOrientations_iPhone = "UIInterfaceOrientationPortrait UIInterfaceOrientationLandscapeLeft UIInterfaceOrientationLandscapeRight";
				LD_RUNPATH_SEARCH_PATHS = (
					"$(inherited)",
					"@executable_path/Frameworks",
				);
				MARKETING_VERSION = 1.0;
				PRODUCT_BUNDLE_IDENTIFIER = com.benorim.Trivvy;
				PRODUCT_NAME = "$(TARGET_NAME)";
				SWIFT_EMIT_LOC_STRINGS = YES;
				SWIFT_VERSION = 5.0;
				TARGETED_DEVICE_FAMILY = "1,2";
			};
			name = Debug;
		};
		76076685277EDBE80081556D /* Release */ = {
			isa = XCBuildConfiguration;
			buildSettings = {
				ASSETCATALOG_COMPILER_APPICON_NAME = AppIcon;
				ASSETCATALOG_COMPILER_GLOBAL_ACCENT_COLOR_NAME = AccentColor;
				CODE_SIGN_STYLE = Automatic;
				CURRENT_PROJECT_VERSION = 1;
				DEVELOPMENT_ASSET_PATHS = "\"Trivvy/Preview Content\"";
				ENABLE_PREVIEWS = YES;
				GENERATE_INFOPLIST_FILE = YES;
				INFOPLIST_KEY_UIApplicationSceneManifest_Generation = YES;
				INFOPLIST_KEY_UIApplicationSupportsIndirectInputEvents = YES;
				INFOPLIST_KEY_UILaunchScreen_Generation = YES;
				INFOPLIST_KEY_UISupportedInterfaceOrientations_iPad = "UIInterfaceOrientationPortrait UIInterfaceOrientationPortraitUpsideDown UIInterfaceOrientationLandscapeLeft UIInterfaceOrientationLandscapeRight";
				INFOPLIST_KEY_UISupportedInterfaceOrientations_iPhone = "UIInterfaceOrientationPortrait UIInterfaceOrientationLandscapeLeft UIInterfaceOrientationLandscapeRight";
				LD_RUNPATH_SEARCH_PATHS = (
					"$(inherited)",
					"@executable_path/Frameworks",
				);
				MARKETING_VERSION = 1.0;
				PRODUCT_BUNDLE_IDENTIFIER = com.benorim.Trivvy;
				PRODUCT_NAME = "$(TARGET_NAME)";
				SWIFT_EMIT_LOC_STRINGS = YES;
				SWIFT_VERSION = 5.0;
				TARGETED_DEVICE_FAMILY = "1,2";
			};
			name = Release;
		};
		76076687277EDBE80081556D /* Debug */ = {
			isa = XCBuildConfiguration;
			buildSettings = {
				ALWAYS_EMBED_SWIFT_STANDARD_LIBRARIES = YES;
				BUNDLE_LOADER = "$(TEST_HOST)";
				CODE_SIGN_STYLE = Automatic;
				CURRENT_PROJECT_VERSION = 1;
				GENERATE_INFOPLIST_FILE = YES;
				IPHONEOS_DEPLOYMENT_TARGET = 15.2;
				MARKETING_VERSION = 1.0;
				PRODUCT_BUNDLE_IDENTIFIER = com.benorim.TrivvyTests;
				PRODUCT_NAME = "$(TARGET_NAME)";
				SWIFT_EMIT_LOC_STRINGS = NO;
				SWIFT_VERSION = 5.0;
				TARGETED_DEVICE_FAMILY = "1,2";
				TEST_HOST = "$(BUILT_PRODUCTS_DIR)/Trivvy.app/Trivvy";
			};
			name = Debug;
		};
		76076688277EDBE80081556D /* Release */ = {
			isa = XCBuildConfiguration;
			buildSettings = {
				ALWAYS_EMBED_SWIFT_STANDARD_LIBRARIES = YES;
				BUNDLE_LOADER = "$(TEST_HOST)";
				CODE_SIGN_STYLE = Automatic;
				CURRENT_PROJECT_VERSION = 1;
				GENERATE_INFOPLIST_FILE = YES;
				IPHONEOS_DEPLOYMENT_TARGET = 15.2;
				MARKETING_VERSION = 1.0;
				PRODUCT_BUNDLE_IDENTIFIER = com.benorim.TrivvyTests;
				PRODUCT_NAME = "$(TARGET_NAME)";
				SWIFT_EMIT_LOC_STRINGS = NO;
				SWIFT_VERSION = 5.0;
				TARGETED_DEVICE_FAMILY = "1,2";
				TEST_HOST = "$(BUILT_PRODUCTS_DIR)/Trivvy.app/Trivvy";
			};
			name = Release;
		};
		7607668A277EDBE80081556D /* Debug */ = {
			isa = XCBuildConfiguration;
			buildSettings = {
				ALWAYS_EMBED_SWIFT_STANDARD_LIBRARIES = YES;
				CODE_SIGN_STYLE = Automatic;
				CURRENT_PROJECT_VERSION = 1;
				GENERATE_INFOPLIST_FILE = YES;
				MARKETING_VERSION = 1.0;
				PRODUCT_BUNDLE_IDENTIFIER = com.benorim.TrivvyUITests;
				PRODUCT_NAME = "$(TARGET_NAME)";
				SWIFT_EMIT_LOC_STRINGS = NO;
				SWIFT_VERSION = 5.0;
				TARGETED_DEVICE_FAMILY = "1,2";
				TEST_TARGET_NAME = Trivvy;
			};
			name = Debug;
		};
		7607668B277EDBE80081556D /* Release */ = {
			isa = XCBuildConfiguration;
			buildSettings = {
				ALWAYS_EMBED_SWIFT_STANDARD_LIBRARIES = YES;
				CODE_SIGN_STYLE = Automatic;
				CURRENT_PROJECT_VERSION = 1;
				GENERATE_INFOPLIST_FILE = YES;
				MARKETING_VERSION = 1.0;
				PRODUCT_BUNDLE_IDENTIFIER = com.benorim.TrivvyUITests;
				PRODUCT_NAME = "$(TARGET_NAME)";
				SWIFT_EMIT_LOC_STRINGS = NO;
				SWIFT_VERSION = 5.0;
				TARGETED_DEVICE_FAMILY = "1,2";
				TEST_TARGET_NAME = Trivvy;
			};
			name = Release;
		};
/* End XCBuildConfiguration section */

/* Begin XCConfigurationList section */
		7607665A277EDBE70081556D /* Build configuration list for PBXProject "Trivvy" */ = {
			isa = XCConfigurationList;
			buildConfigurations = (
				76076681277EDBE80081556D /* Debug */,
				76076682277EDBE80081556D /* Release */,
			);
			defaultConfigurationIsVisible = 0;
			defaultConfigurationName = Release;
		};
		76076683277EDBE80081556D /* Build configuration list for PBXNativeTarget "Trivvy" */ = {
			isa = XCConfigurationList;
			buildConfigurations = (
				76076684277EDBE80081556D /* Debug */,
				76076685277EDBE80081556D /* Release */,
			);
			defaultConfigurationIsVisible = 0;
			defaultConfigurationName = Release;
		};
		76076686277EDBE80081556D /* Build configuration list for PBXNativeTarget "TrivvyTests" */ = {
			isa = XCConfigurationList;
			buildConfigurations = (
				76076687277EDBE80081556D /* Debug */,
				76076688277EDBE80081556D /* Release */,
			);
			defaultConfigurationIsVisible = 0;
			defaultConfigurationName = Release;
		};
		76076689277EDBE80081556D /* Build configuration list for PBXNativeTarget "TrivvyUITests" */ = {
			isa = XCConfigurationList;
			buildConfigurations = (
				7607668A277EDBE80081556D /* Debug */,
				7607668B277EDBE80081556D /* Release */,
			);
			defaultConfigurationIsVisible = 0;
			defaultConfigurationName = Release;
		};
/* End XCConfigurationList section */
	};
	rootObject = 76076657277EDBE70081556D /* Project object */;
}
